
Microsoft Visual Studio Solution File, Format Version 12.00
# Visual Studio Version 17
VisualStudioVersion = 17.14.36109.1
MinimumVisualStudioVersion = 10.0.40219.1
Project("{FAE04EC0-301F-11D3-BF4B-00C04F79EFBC}") = "Leek.Core", "src\Leek.Core\Leek.Core.csproj", "{F0820BD1-69AB-3B78-A012-17D2EC145F6E}"
EndProject
Project("{FAE04EC0-301F-11D3-BF4B-00C04F79EFBC}") = "Leek.AspNet", "src\Leek.AspNet\Leek.AspNet.csproj", "{D021EB5D-AB7A-030A-7294-8AE97497833E}"
EndProject
Project("{FAE04EC0-301F-11D3-BF4B-00C04F79EFBC}") = "Leek.CLI", "src\Leek.CLI\Leek.CLI.csproj", "{102E3770-8F0B-60C4-8B89-A44C6F688CCE}"
EndProject
Project("{FAE04EC0-301F-11D3-BF4B-00C04F79EFBC}") = "Leek.Updater", "src\Leek.Updater\Leek.Updater.csproj", "{C1E937B7-0797-4682-5062-D3A3EFF95245}"
EndProject
Project("{2150E333-8FDC-42A3-9474-1A3956D46DE8}") = "src", "src", "{02EA681E-C7D8-13C7-8484-4AC65E1B71E8}"
EndProject
Project("{2150E333-8FDC-42A3-9474-1A3956D46DE8}") = "demo", "demo", "{13D06371-E7E3-4E88-AE43-722DB3876F97}"
EndProject
Project("{FAE04EC0-301F-11D3-BF4B-00C04F79EFBC}") = "DemoWebApp", "demo\webapp\DemoWebApp.csproj", "{6CD6FEDB-C706-1961-3286-2AACB398D844}"
EndProject
Project("{FAE04EC0-301F-11D3-BF4B-00C04F79EFBC}") = "Leek.Services", "src\Leek.Services\Leek.Services.csproj", "{D5A00F8F-4EA1-56CC-0CB7-F7A67CE570FA}"
EndProject
Project("{2150E333-8FDC-42A3-9474-1A3956D46DE8}") = "tests", "tests", "{0F46003B-0AE3-410B-A1A4-A00169427D1D}"
EndProject
Project("{FAE04EC0-301F-11D3-BF4B-00C04F79EFBC}") = "Leek.Tests", "tests\Leek.Tests\Leek.Tests.csproj", "{ACF7A6E2-63B5-4885-AAB6-22E89A1B5902}"
EndProject
Global
	GlobalSection(SolutionConfigurationPlatforms) = preSolution
		Debug|Any CPU = Debug|Any CPU
		Release|Any CPU = Release|Any CPU
	EndGlobalSection
	GlobalSection(ProjectConfigurationPlatforms) = postSolution
		{F0820BD1-69AB-3B78-A012-17D2EC145F6E}.Debug|Any CPU.ActiveCfg = Debug|Any CPU
		{F0820BD1-69AB-3B78-A012-17D2EC145F6E}.Debug|Any CPU.Build.0 = Debug|Any CPU
		{F0820BD1-69AB-3B78-A012-17D2EC145F6E}.Release|Any CPU.ActiveCfg = Release|Any CPU
		{F0820BD1-69AB-3B78-A012-17D2EC145F6E}.Release|Any CPU.Build.0 = Release|Any CPU
		{D021EB5D-AB7A-030A-7294-8AE97497833E}.Debug|Any CPU.ActiveCfg = Debug|Any CPU
		{D021EB5D-AB7A-030A-7294-8AE97497833E}.Debug|Any CPU.Build.0 = Debug|Any CPU
		{D021EB5D-AB7A-030A-7294-8AE97497833E}.Release|Any CPU.ActiveCfg = Release|Any CPU
		{D021EB5D-AB7A-030A-7294-8AE97497833E}.Release|Any CPU.Build.0 = Release|Any CPU
		{102E3770-8F0B-60C4-8B89-A44C6F688CCE}.Debug|Any CPU.ActiveCfg = Debug|Any CPU
		{102E3770-8F0B-60C4-8B89-A44C6F688CCE}.Debug|Any CPU.Build.0 = Debug|Any CPU
		{102E3770-8F0B-60C4-8B89-A44C6F688CCE}.Release|Any CPU.ActiveCfg = Release|Any CPU
		{102E3770-8F0B-60C4-8B89-A44C6F688CCE}.Release|Any CPU.Build.0 = Release|Any CPU
		{C1E937B7-0797-4682-5062-D3A3EFF95245}.Debug|Any CPU.ActiveCfg = Debug|Any CPU
		{C1E937B7-0797-4682-5062-D3A3EFF95245}.Debug|Any CPU.Build.0 = Debug|Any CPU
		{C1E937B7-0797-4682-5062-D3A3EFF95245}.Release|Any CPU.ActiveCfg = Release|Any CPU
		{C1E937B7-0797-4682-5062-D3A3EFF95245}.Release|Any CPU.Build.0 = Release|Any CPU
		{6CD6FEDB-C706-1961-3286-2AACB398D844}.Debug|Any CPU.ActiveCfg = Debug|Any CPU
		{6CD6FEDB-C706-1961-3286-2AACB398D844}.Debug|Any CPU.Build.0 = Debug|Any CPU
		{6CD6FEDB-C706-1961-3286-2AACB398D844}.Release|Any CPU.ActiveCfg = Release|Any CPU
		{6CD6FEDB-C706-1961-3286-2AACB398D844}.Release|Any CPU.Build.0 = Release|Any CPU
		{D5A00F8F-4EA1-56CC-0CB7-F7A67CE570FA}.Debug|Any CPU.ActiveCfg = Debug|Any CPU
		{D5A00F8F-4EA1-56CC-0CB7-F7A67CE570FA}.Debug|Any CPU.Build.0 = Debug|Any CPU
		{D5A00F8F-4EA1-56CC-0CB7-F7A67CE570FA}.Release|Any CPU.ActiveCfg = Release|Any CPU
		{D5A00F8F-4EA1-56CC-0CB7-F7A67CE570FA}.Release|Any CPU.Build.0 = Release|Any CPU
		{ACF7A6E2-63B5-4885-AAB6-22E89A1B5902}.Debug|Any CPU.ActiveCfg = Debug|Any CPU
		{ACF7A6E2-63B5-4885-AAB6-22E89A1B5902}.Debug|Any CPU.Build.0 = Debug|Any CPU
		{ACF7A6E2-63B5-4885-AAB6-22E89A1B5902}.Release|Any CPU.ActiveCfg = Release|Any CPU
		{ACF7A6E2-63B5-4885-AAB6-22E89A1B5902}.Release|Any CPU.Build.0 = Release|Any CPU
	EndGlobalSection
	GlobalSection(SolutionProperties) = preSolution
		HideSolutionNode = FALSE
	EndGlobalSection
	GlobalSection(NestedProjects) = preSolution
		{F0820BD1-69AB-3B78-A012-17D2EC145F6E} = {02EA681E-C7D8-13C7-8484-4AC65E1B71E8}
		{D021EB5D-AB7A-030A-7294-8AE97497833E} = {02EA681E-C7D8-13C7-8484-4AC65E1B71E8}
		{102E3770-8F0B-60C4-8B89-A44C6F688CCE} = {02EA681E-C7D8-13C7-8484-4AC65E1B71E8}
		{C1E937B7-0797-4682-5062-D3A3EFF95245} = {02EA681E-C7D8-13C7-8484-4AC65E1B71E8}
		{6CD6FEDB-C706-1961-3286-2AACB398D844} = {13D06371-E7E3-4E88-AE43-722DB3876F97}
		{D5A00F8F-4EA1-56CC-0CB7-F7A67CE570FA} = {02EA681E-C7D8-13C7-8484-4AC65E1B71E8}
		{ACF7A6E2-63B5-4885-AAB6-22E89A1B5902} = {0F46003B-0AE3-410B-A1A4-A00169427D1D}
	EndGlobalSection
	GlobalSection(ExtensibilityGlobals) = postSolution
		SolutionGuid = {656415A4-44F6-43A0-9E6C-7594F4DB22E6}
	EndGlobalSection
EndGlobal
